dependencies:
- name: crds
  repository: ""
  version: 0.0.0
- name: kube-state-metrics
  repository: file://charts/kube-state-metrics
  version: 5.29.0
- name: prometheus-node-exporter
  repository: file://charts/prometheus-node-exporter
  version: 4.43.1
- name: grafana
  repository: file://charts/grafana
  version: 8.9.1
- name: prometheus-windows-exporter
  repository: file://charts/prometheus-windows-exporter
  version: 0.8.0
- name: loki
  repository: file://charts/loki
  version: 5.43.0
- name: promtail
  repository: file://charts/promtail
  version: 6.15.0
- name: metrics-server
  repository: file://charts/metrics-server
  version: 3.8.0
digest: sha256:4d06acbf31eb700aff268707829690694e185258faa77a2441361309446b69fc
generated: "2025-02-19T17:42:26.73917+09:00"
